
Microsoft Visual Studio Solution File, Format Version 12.00
# Visual Studio Version 17
VisualStudioVersion = 17.0.31903.59
MinimumVisualStudioVersion = 10.0.40219.1
Project("{FAE04EC0-301F-11D3-BF4B-00C04F79EFBC}") = "Cargo", "Cargo\Cargo.csproj", "{8317BB42-C298-44B9-877F-45AAAC3D66F2}"
EndProject
Project("{2150E333-8FDC-42A3-9474-1A3956D46DE8}") = "Cargo", "Cargo", "{98CD5459-D20A-4FCA-A9CC-7F4CE2240439}"
EndProject
Project("{FAE04EC0-301F-11D3-BF4B-00C04F79EFBC}") = "api", "Cargo\api\api.csproj", "{0AA8A34B-DCD2-4B7E-83AD-A42A4A41E14B}"
EndProject
Global
	GlobalSection(SolutionConfigurationPlatforms) = preSolution
		Debug|Any CPU = Debug|Any CPU
		Release|Any CPU = Release|Any CPU
	EndGlobalSection
	GlobalSection(SolutionProperties) = preSolution
		HideSolutionNode = FALSE
	EndGlobalSection
	GlobalSection(ProjectConfigurationPlatforms) = postSolution
		{8317BB42-C298-44B9-877F-45AAAC3D66F2}.Debug|Any CPU.ActiveCfg = Debug|Any CPU
		{8317BB42-C298-44B9-877F-45AAAC3D66F2}.Debug|Any CPU.Build.0 = Debug|Any CPU
		{8317BB42-C298-44B9-877F-45AAAC3D66F2}.Release|Any CPU.ActiveCfg = Release|Any CPU
		{8317BB42-C298-44B9-877F-45AAAC3D66F2}.Release|Any CPU.Build.0 = Release|Any CPU
		{0AA8A34B-DCD2-4B7E-83AD-A42A4A41E14B}.Debug|Any CPU.ActiveCfg = Debug|Any CPU
		{0AA8A34B-DCD2-4B7E-83AD-A42A4A41E14B}.Debug|Any CPU.Build.0 = Debug|Any CPU
		{0AA8A34B-DCD2-4B7E-83AD-A42A4A41E14B}.Release|Any CPU.ActiveCfg = Release|Any CPU
		{0AA8A34B-DCD2-4B7E-83AD-A42A4A41E14B}.Release|Any CPU.Build.0 = Release|Any CPU
	EndGlobalSection
	GlobalSection(NestedProjects) = preSolution
		{8317BB42-C298-44B9-877F-45AAAC3D66F2} = {98CD5459-D20A-4FCA-A9CC-7F4CE2240439}
		{0AA8A34B-DCD2-4B7E-83AD-A42A4A41E14B} = {98CD5459-D20A-4FCA-A9CC-7F4CE2240439}
	EndGlobalSection
EndGlobal
