
Microsoft Visual Studio Solution File, Format Version 12.00
# Visual Studio Version 17
VisualStudioVersion = 17.5.002.0
MinimumVisualStudioVersion = 10.0.40219.1
Project("{2150E333-8FDC-42A3-9474-1A3956D46DE8}") = "CargoHub", "CargoHub", "{0197ECAB-95CD-46CE-AF01-E46187F8E8E9}"
EndProject
Project("{2150E333-8FDC-42A3-9474-1A3956D46DE8}") = "CargoHub", "CargoHub", "{521057F0-C341-4D1D-B784-203663E3AAE8}"
EndProject
Project("{9A19103F-16F7-4668-BE54-9A1E7A4F7556}") = "data", "CargoHub\CargoHub\data\data.csproj", "{19C31C18-7F0A-45E1-871A-98346CC91CC6}"
EndProject
Global
	GlobalSection(SolutionConfigurationPlatforms) = preSolution
		Debug|Any CPU = Debug|Any CPU
		Release|Any CPU = Release|Any CPU
	EndGlobalSection
	GlobalSection(ProjectConfigurationPlatforms) = postSolution
		{19C31C18-7F0A-45E1-871A-98346CC91CC6}.Debug|Any CPU.ActiveCfg = Debug|Any CPU
		{19C31C18-7F0A-45E1-871A-98346CC91CC6}.Debug|Any CPU.Build.0 = Debug|Any CPU
		{19C31C18-7F0A-45E1-871A-98346CC91CC6}.Release|Any CPU.ActiveCfg = Release|Any CPU
		{19C31C18-7F0A-45E1-871A-98346CC91CC6}.Release|Any CPU.Build.0 = Release|Any CPU
	EndGlobalSection
	GlobalSection(SolutionProperties) = preSolution
		HideSolutionNode = FALSE
	EndGlobalSection
	GlobalSection(NestedProjects) = preSolution
		{521057F0-C341-4D1D-B784-203663E3AAE8} = {0197ECAB-95CD-46CE-AF01-E46187F8E8E9}
		{19C31C18-7F0A-45E1-871A-98346CC91CC6} = {521057F0-C341-4D1D-B784-203663E3AAE8}
	EndGlobalSection
	GlobalSection(ExtensibilityGlobals) = postSolution
		SolutionGuid = {0AB44AA7-C79D-4747-8E55-3511264BB3F1}
	EndGlobalSection
EndGlobal
